
Microsoft Visual Studio Solution File, Format Version 12.00
# Visual Studio 15
VisualStudioVersion = 15.0.28307.438
MinimumVisualStudioVersion = 10.0.40219.1
Project("{FAE04EC0-301F-11D3-BF4B-00C04F79EFBC}") = "WordOccurrenceCalculator", "WordOccurrenceCalculator\WordOccurrenceCalculator.csproj", "{6EBA24BC-7201-4C7D-B074-770D3F708D7A}"
EndProject
Global
	GlobalSection(SolutionConfigurationPlatforms) = preSolution
		Debug|Any CPU = Debug|Any CPU
		Release|Any CPU = Release|Any CPU
	EndGlobalSection
	GlobalSection(ProjectConfigurationPlatforms) = postSolution
		{6EBA24BC-7201-4C7D-B074-770D3F708D7A}.Debug|Any CPU.ActiveCfg = Debug|Any CPU
		{6EBA24BC-7201-4C7D-B074-770D3F708D7A}.Debug|Any CPU.Build.0 = Debug|Any CPU
		{6EBA24BC-7201-4C7D-B074-770D3F708D7A}.Release|Any CPU.ActiveCfg = Release|Any CPU
		{6EBA24BC-7201-4C7D-B074-770D3F708D7A}.Release|Any CPU.Build.0 = Release|Any CPU
	EndGlobalSection
	GlobalSection(SolutionProperties) = preSolution
		HideSolutionNode = FALSE
	EndGlobalSection
	GlobalSection(ExtensibilityGlobals) = postSolution
		SolutionGuid = {39ECA21D-8C07-4E7A-A87F-FB08DA0C2BBF}
	EndGlobalSection
EndGlobal
